
Microsoft Visual Studio Solution File, Format Version 12.00
# Visual Studio Version 17
VisualStudioVersion = 17.9.34728.123
MinimumVisualStudioVersion = 10.0.40219.1
Project("{FAE04EC0-301F-11D3-BF4B-00C04F79EFBC}") = "ShutDownPCvisual", "ShutDownPCvisual\ShutDownPCvisual.csproj", "{84DA1779-B689-4732-B399-26F59E6F9E9D}"
EndProject
Global
	GlobalSection(SolutionConfigurationPlatforms) = preSolution
		Debug|Any CPU = Debug|Any CPU
		Release|Any CPU = Release|Any CPU
	EndGlobalSection
	GlobalSection(ProjectConfigurationPlatforms) = postSolution
		{84DA1779-B689-4732-B399-26F59E6F9E9D}.Debug|Any CPU.ActiveCfg = Debug|Any CPU
		{84DA1779-B689-4732-B399-26F59E6F9E9D}.Debug|Any CPU.Build.0 = Debug|Any CPU
		{84DA1779-B689-4732-B399-26F59E6F9E9D}.Release|Any CPU.ActiveCfg = Release|Any CPU
		{84DA1779-B689-4732-B399-26F59E6F9E9D}.Release|Any CPU.Build.0 = Release|Any CPU
	EndGlobalSection
	GlobalSection(SolutionProperties) = preSolution
		HideSolutionNode = FALSE
	EndGlobalSection
	GlobalSection(ExtensibilityGlobals) = postSolution
		SolutionGuid = {2CD2D38B-67EF-4037-B8C1-73C943DA5F99}
	EndGlobalSection
EndGlobal
